
Microsoft Visual Studio Solution File, Format Version 12.00
# Visual Studio Version 16
VisualStudioVersion = 16.0.29505.145
MinimumVisualStudioVersion = 10.0.40219.1
Project("{C7167F0D-BC9F-4E6E-AFE1-012C56B48DB5}") = "RePackage", "RePackage\RePackage.wapproj", "{C8270FAB-3ABC-4294-BCD0-3DA14DDBC610}"
EndProject
Project("{FAE04EC0-301F-11D3-BF4B-00C04F79EFBC}") = "IdReader", "IdReader\IdReader.csproj", "{AFEBBDFD-9F18-4E82-9BC1-08B3DEF5E08E}"
EndProject
Project("{FAE04EC0-301F-11D3-BF4B-00C04F79EFBC}") = "Core", "Core\Core.csproj", "{EB92C8D5-FA14-4659-98D2-C862152282DC}"
EndProject
Global
	GlobalSection(SolutionConfigurationPlatforms) = preSolution
		Debug|Any CPU = Debug|Any CPU
		Debug|ARM = Debug|ARM
		Debug|ARM64 = Debug|ARM64
		Debug|x64 = Debug|x64
		Debug|x86 = Debug|x86
		Release|Any CPU = Release|Any CPU
		Release|ARM = Release|ARM
		Release|ARM64 = Release|ARM64
		Release|x64 = Release|x64
		Release|x86 = Release|x86
	EndGlobalSection
	GlobalSection(ProjectConfigurationPlatforms) = postSolution
		{C8270FAB-3ABC-4294-BCD0-3DA14DDBC610}.Debug|Any CPU.ActiveCfg = Debug|Any CPU
		{C8270FAB-3ABC-4294-BCD0-3DA14DDBC610}.Debug|Any CPU.Build.0 = Debug|Any CPU
		{C8270FAB-3ABC-4294-BCD0-3DA14DDBC610}.Debug|Any CPU.Deploy.0 = Debug|Any CPU
		{C8270FAB-3ABC-4294-BCD0-3DA14DDBC610}.Debug|ARM.ActiveCfg = Debug|ARM
		{C8270FAB-3ABC-4294-BCD0-3DA14DDBC610}.Debug|ARM.Build.0 = Debug|ARM
		{C8270FAB-3ABC-4294-BCD0-3DA14DDBC610}.Debug|ARM.Deploy.0 = Debug|ARM
		{C8270FAB-3ABC-4294-BCD0-3DA14DDBC610}.Debug|ARM64.ActiveCfg = Debug|ARM64
		{C8270FAB-3ABC-4294-BCD0-3DA14DDBC610}.Debug|ARM64.Build.0 = Debug|ARM64
		{C8270FAB-3ABC-4294-BCD0-3DA14DDBC610}.Debug|ARM64.Deploy.0 = Debug|ARM64
		{C8270FAB-3ABC-4294-BCD0-3DA14DDBC610}.Debug|x64.ActiveCfg = Debug|x64
		{C8270FAB-3ABC-4294-BCD0-3DA14DDBC610}.Debug|x64.Build.0 = Debug|x64
		{C8270FAB-3ABC-4294-BCD0-3DA14DDBC610}.Debug|x64.Deploy.0 = Debug|x64
		{C8270FAB-3ABC-4294-BCD0-3DA14DDBC610}.Debug|x86.ActiveCfg = Debug|x86
		{C8270FAB-3ABC-4294-BCD0-3DA14DDBC610}.Debug|x86.Build.0 = Debug|x86
		{C8270FAB-3ABC-4294-BCD0-3DA14DDBC610}.Debug|x86.Deploy.0 = Debug|x86
		{C8270FAB-3ABC-4294-BCD0-3DA14DDBC610}.Release|Any CPU.ActiveCfg = Release|Any CPU
		{C8270FAB-3ABC-4294-BCD0-3DA14DDBC610}.Release|Any CPU.Build.0 = Release|Any CPU
		{C8270FAB-3ABC-4294-BCD0-3DA14DDBC610}.Release|Any CPU.Deploy.0 = Release|Any CPU
		{C8270FAB-3ABC-4294-BCD0-3DA14DDBC610}.Release|ARM.ActiveCfg = Release|ARM
		{C8270FAB-3ABC-4294-BCD0-3DA14DDBC610}.Release|ARM.Build.0 = Release|ARM
		{C8270FAB-3ABC-4294-BCD0-3DA14DDBC610}.Release|ARM.Deploy.0 = Release|ARM
		{C8270FAB-3ABC-4294-BCD0-3DA14DDBC610}.Release|ARM64.ActiveCfg = Release|ARM64
		{C8270FAB-3ABC-4294-BCD0-3DA14DDBC610}.Release|ARM64.Build.0 = Release|ARM64
		{C8270FAB-3ABC-4294-BCD0-3DA14DDBC610}.Release|ARM64.Deploy.0 = Release|ARM64
		{C8270FAB-3ABC-4294-BCD0-3DA14DDBC610}.Release|x64.ActiveCfg = Release|x64
		{C8270FAB-3ABC-4294-BCD0-3DA14DDBC610}.Release|x64.Build.0 = Release|x64
		{C8270FAB-3ABC-4294-BCD0-3DA14DDBC610}.Release|x64.Deploy.0 = Release|x64
		{C8270FAB-3ABC-4294-BCD0-3DA14DDBC610}.Release|x86.ActiveCfg = Release|x86
		{C8270FAB-3ABC-4294-BCD0-3DA14DDBC610}.Release|x86.Build.0 = Release|x86
		{C8270FAB-3ABC-4294-BCD0-3DA14DDBC610}.Release|x86.Deploy.0 = Release|x86
		{AFEBBDFD-9F18-4E82-9BC1-08B3DEF5E08E}.Debug|Any CPU.ActiveCfg = Debug|x86
		{AFEBBDFD-9F18-4E82-9BC1-08B3DEF5E08E}.Debug|ARM.ActiveCfg = Debug|ARM
		{AFEBBDFD-9F18-4E82-9BC1-08B3DEF5E08E}.Debug|ARM.Build.0 = Debug|ARM
		{AFEBBDFD-9F18-4E82-9BC1-08B3DEF5E08E}.Debug|ARM.Deploy.0 = Debug|ARM
		{AFEBBDFD-9F18-4E82-9BC1-08B3DEF5E08E}.Debug|ARM64.ActiveCfg = Debug|ARM64
		{AFEBBDFD-9F18-4E82-9BC1-08B3DEF5E08E}.Debug|ARM64.Build.0 = Debug|ARM64
		{AFEBBDFD-9F18-4E82-9BC1-08B3DEF5E08E}.Debug|ARM64.Deploy.0 = Debug|ARM64
		{AFEBBDFD-9F18-4E82-9BC1-08B3DEF5E08E}.Debug|x64.ActiveCfg = Debug|x64
		{AFEBBDFD-9F18-4E82-9BC1-08B3DEF5E08E}.Debug|x64.Build.0 = Debug|x64
		{AFEBBDFD-9F18-4E82-9BC1-08B3DEF5E08E}.Debug|x64.Deploy.0 = Debug|x64
		{AFEBBDFD-9F18-4E82-9BC1-08B3DEF5E08E}.Debug|x86.ActiveCfg = Debug|x86
		{AFEBBDFD-9F18-4E82-9BC1-08B3DEF5E08E}.Debug|x86.Build.0 = Debug|x86
		{AFEBBDFD-9F18-4E82-9BC1-08B3DEF5E08E}.Debug|x86.Deploy.0 = Debug|x86
		{AFEBBDFD-9F18-4E82-9BC1-08B3DEF5E08E}.Release|Any CPU.ActiveCfg = Release|x86
		{AFEBBDFD-9F18-4E82-9BC1-08B3DEF5E08E}.Release|ARM.ActiveCfg = Release|ARM
		{AFEBBDFD-9F18-4E82-9BC1-08B3DEF5E08E}.Release|ARM.Build.0 = Release|ARM
		{AFEBBDFD-9F18-4E82-9BC1-08B3DEF5E08E}.Release|ARM.Deploy.0 = Release|ARM
		{AFEBBDFD-9F18-4E82-9BC1-08B3DEF5E08E}.Release|ARM64.ActiveCfg = Release|ARM64
		{AFEBBDFD-9F18-4E82-9BC1-08B3DEF5E08E}.Release|ARM64.Build.0 = Release|ARM64
		{AFEBBDFD-9F18-4E82-9BC1-08B3DEF5E08E}.Release|ARM64.Deploy.0 = Release|ARM64
		{AFEBBDFD-9F18-4E82-9BC1-08B3DEF5E08E}.Release|x64.ActiveCfg = Release|x64
		{AFEBBDFD-9F18-4E82-9BC1-08B3DEF5E08E}.Release|x64.Build.0 = Release|x64
		{AFEBBDFD-9F18-4E82-9BC1-08B3DEF5E08E}.Release|x64.Deploy.0 = Release|x64
		{AFEBBDFD-9F18-4E82-9BC1-08B3DEF5E08E}.Release|x86.ActiveCfg = Release|x86
		{AFEBBDFD-9F18-4E82-9BC1-08B3DEF5E08E}.Release|x86.Build.0 = Release|x86
		{AFEBBDFD-9F18-4E82-9BC1-08B3DEF5E08E}.Release|x86.Deploy.0 = Release|x86
		{EB92C8D5-FA14-4659-98D2-C862152282DC}.Debug|Any CPU.ActiveCfg = Debug|Any CPU
		{EB92C8D5-FA14-4659-98D2-C862152282DC}.Debug|Any CPU.Build.0 = Debug|Any CPU
		{EB92C8D5-FA14-4659-98D2-C862152282DC}.Debug|ARM.ActiveCfg = Debug|Any CPU
		{EB92C8D5-FA14-4659-98D2-C862152282DC}.Debug|ARM.Build.0 = Debug|Any CPU
		{EB92C8D5-FA14-4659-98D2-C862152282DC}.Debug|ARM64.ActiveCfg = Debug|Any CPU
		{EB92C8D5-FA14-4659-98D2-C862152282DC}.Debug|ARM64.Build.0 = Debug|Any CPU
		{EB92C8D5-FA14-4659-98D2-C862152282DC}.Debug|x64.ActiveCfg = Debug|Any CPU
		{EB92C8D5-FA14-4659-98D2-C862152282DC}.Debug|x64.Build.0 = Debug|Any CPU
		{EB92C8D5-FA14-4659-98D2-C862152282DC}.Debug|x86.ActiveCfg = Debug|Any CPU
		{EB92C8D5-FA14-4659-98D2-C862152282DC}.Debug|x86.Build.0 = Debug|Any CPU
		{EB92C8D5-FA14-4659-98D2-C862152282DC}.Release|Any CPU.ActiveCfg = Release|Any CPU
		{EB92C8D5-FA14-4659-98D2-C862152282DC}.Release|Any CPU.Build.0 = Release|Any CPU
		{EB92C8D5-FA14-4659-98D2-C862152282DC}.Release|ARM.ActiveCfg = Release|Any CPU
		{EB92C8D5-FA14-4659-98D2-C862152282DC}.Release|ARM.Build.0 = Release|Any CPU
		{EB92C8D5-FA14-4659-98D2-C862152282DC}.Release|ARM64.ActiveCfg = Release|Any CPU
		{EB92C8D5-FA14-4659-98D2-C862152282DC}.Release|ARM64.Build.0 = Release|Any CPU
		{EB92C8D5-FA14-4659-98D2-C862152282DC}.Release|x64.ActiveCfg = Release|Any CPU
		{EB92C8D5-FA14-4659-98D2-C862152282DC}.Release|x64.Build.0 = Release|Any CPU
		{EB92C8D5-FA14-4659-98D2-C862152282DC}.Release|x86.ActiveCfg = Release|Any CPU
		{EB92C8D5-FA14-4659-98D2-C862152282DC}.Release|x86.Build.0 = Release|Any CPU
	EndGlobalSection
	GlobalSection(SolutionProperties) = preSolution
		HideSolutionNode = FALSE
	EndGlobalSection
	GlobalSection(ExtensibilityGlobals) = postSolution
		SolutionGuid = {B8D1515B-BD30-4817-A49C-7EEFC83F52C5}
	EndGlobalSection
EndGlobal
